
Microsoft Visual Studio Solution File, Format Version 12.00
# Visual Studio 14
VisualStudioVersion = 14.0.25420.1
MinimumVisualStudioVersion = 10.0.40219.1
Project("{FAE04EC0-301F-11D3-BF4B-00C04F79EFBC}") = "ConstPack", "ConstPack\ConstPack.csproj", "{48496D4C-B32B-45DA-82B8-08E70E243DE3}"
EndProject
Project("{FAE04EC0-301F-11D3-BF4B-00C04F79EFBC}") = "EntityLayer", "EntityLayer\EntityLayer.csproj", "{B19240A7-1CD8-4D16-A098-6CDD9BFFB777}"
EndProject
Project("{FAE04EC0-301F-11D3-BF4B-00C04F79EFBC}") = "DataLayer", "DataLayer\DataLayer.csproj", "{DECD176D-944C-4BBB-9451-DE8271B39A65}"
EndProject
Project("{FAE04EC0-301F-11D3-BF4B-00C04F79EFBC}") = "ConstPackServiceApi", "ConstPackServiceApi\ConstPackServiceApi.csproj", "{3F204081-3DB0-426D-BC22-F654A64AF86A}"
EndProject
Global
	GlobalSection(SolutionConfigurationPlatforms) = preSolution
		Debug|Any CPU = Debug|Any CPU
		Release|Any CPU = Release|Any CPU
	EndGlobalSection
	GlobalSection(ProjectConfigurationPlatforms) = postSolution
		{48496D4C-B32B-45DA-82B8-08E70E243DE3}.Debug|Any CPU.ActiveCfg = Debug|Any CPU
		{48496D4C-B32B-45DA-82B8-08E70E243DE3}.Debug|Any CPU.Build.0 = Debug|Any CPU
		{48496D4C-B32B-45DA-82B8-08E70E243DE3}.Release|Any CPU.ActiveCfg = Release|Any CPU
		{48496D4C-B32B-45DA-82B8-08E70E243DE3}.Release|Any CPU.Build.0 = Release|Any CPU
		{B19240A7-1CD8-4D16-A098-6CDD9BFFB777}.Debug|Any CPU.ActiveCfg = Debug|Any CPU
		{B19240A7-1CD8-4D16-A098-6CDD9BFFB777}.Debug|Any CPU.Build.0 = Debug|Any CPU
		{B19240A7-1CD8-4D16-A098-6CDD9BFFB777}.Release|Any CPU.ActiveCfg = Release|Any CPU
		{B19240A7-1CD8-4D16-A098-6CDD9BFFB777}.Release|Any CPU.Build.0 = Release|Any CPU
		{DECD176D-944C-4BBB-9451-DE8271B39A65}.Debug|Any CPU.ActiveCfg = Debug|Any CPU
		{DECD176D-944C-4BBB-9451-DE8271B39A65}.Debug|Any CPU.Build.0 = Debug|Any CPU
		{DECD176D-944C-4BBB-9451-DE8271B39A65}.Release|Any CPU.ActiveCfg = Release|Any CPU
		{DECD176D-944C-4BBB-9451-DE8271B39A65}.Release|Any CPU.Build.0 = Release|Any CPU
		{3F204081-3DB0-426D-BC22-F654A64AF86A}.Debug|Any CPU.ActiveCfg = Debug|Any CPU
		{3F204081-3DB0-426D-BC22-F654A64AF86A}.Debug|Any CPU.Build.0 = Debug|Any CPU
		{3F204081-3DB0-426D-BC22-F654A64AF86A}.Release|Any CPU.ActiveCfg = Release|Any CPU
		{3F204081-3DB0-426D-BC22-F654A64AF86A}.Release|Any CPU.Build.0 = Release|Any CPU
	EndGlobalSection
	GlobalSection(SolutionProperties) = preSolution
		HideSolutionNode = FALSE
	EndGlobalSection
EndGlobal
